
Microsoft Visual Studio Solution File, Format Version 12.00
# Visual Studio 14
VisualStudioVersion = 14.0.25420.1
MinimumVisualStudioVersion = 10.0.40219.1
Project("{FAE04EC0-301F-11D3-BF4B-00C04F79EFBC}") = "tvu", "tvu\tvu.csproj", "{FBE9E70D-4056-4140-8468-90555E6B5F32}"
EndProject
Project("{2150E333-8FDC-42A3-9474-1A3956D46DE8}") = ".build", ".build", "{DE326027-A6DE-412F-A6E1-E2C52AC02AFE}"
	ProjectSection(SolutionItems) = preProject
		Build.proj = Build.proj
		.build\MSBuild.Community.Tasks.dll = .build\MSBuild.Community.Tasks.dll
		.build\MSBuild.Community.Tasks.targets = .build\MSBuild.Community.Tasks.targets
		.build\Version.targets = .build\Version.targets
	EndProjectSection
EndProject
Project("{FAE04EC0-301F-11D3-BF4B-00C04F79EFBC}") = "TvUndergroundDownloaderLib", "TvUndergroundDownloaderLib\TvUndergroundDownloaderLib.csproj", "{21CFFC29-3DCA-43A4-AA90-0A5332E2E1FF}"
EndProject
Global
	GlobalSection(SolutionConfigurationPlatforms) = preSolution
		Debug|Any CPU = Debug|Any CPU
		Release|Any CPU = Release|Any CPU
	EndGlobalSection
	GlobalSection(ProjectConfigurationPlatforms) = postSolution
		{FBE9E70D-4056-4140-8468-90555E6B5F32}.Debug|Any CPU.ActiveCfg = Debug|Any CPU
		{FBE9E70D-4056-4140-8468-90555E6B5F32}.Debug|Any CPU.Build.0 = Debug|Any CPU
		{FBE9E70D-4056-4140-8468-90555E6B5F32}.Release|Any CPU.ActiveCfg = Release|Any CPU
		{FBE9E70D-4056-4140-8468-90555E6B5F32}.Release|Any CPU.Build.0 = Release|Any CPU
		{21CFFC29-3DCA-43A4-AA90-0A5332E2E1FF}.Debug|Any CPU.ActiveCfg = Debug|Any CPU
		{21CFFC29-3DCA-43A4-AA90-0A5332E2E1FF}.Debug|Any CPU.Build.0 = Debug|Any CPU
		{21CFFC29-3DCA-43A4-AA90-0A5332E2E1FF}.Release|Any CPU.ActiveCfg = Release|Any CPU
		{21CFFC29-3DCA-43A4-AA90-0A5332E2E1FF}.Release|Any CPU.Build.0 = Release|Any CPU
	EndGlobalSection
	GlobalSection(SolutionProperties) = preSolution
		HideSolutionNode = FALSE
	EndGlobalSection
EndGlobal
